// !$*UTF8*$!
{
	archiveVersion = 1;
	classes = {
	};
	objectVersion = 56;
	objects = {

/* Begin PBXBuildFile section */
		4CA509932AA2271C00DAFA20 /* ChefDeliveryApp.swift in Sources */ = {isa = PBXBuildFile; fileRef = 4CA509922AA2271C00DAFA20 /* ChefDeliveryApp.swift */; };
		4CA509952AA2271C00DAFA20 /* ContentView.swift in Sources */ = {isa = PBXBuildFile; fileRef = 4CA509942AA2271C00DAFA20 /* ContentView.swift */; };
		4CA509972AA2272100DAFA20 /* Assets.xcassets in Resources */ = {isa = PBXBuildFile; fileRef = 4CA509962AA2272100DAFA20 /* Assets.xcassets */; };
		4CA5099A2AA2272100DAFA20 /* Preview Assets.xcassets in Resources */ = {isa = PBXBuildFile; fileRef = 4CA509992AA2272100DAFA20 /* Preview Assets.xcassets */; };
		4CA509A42AA2272100DAFA20 /* ChefDeliveryTests.swift in Sources */ = {isa = PBXBuildFile; fileRef = 4CA509A32AA2272100DAFA20 /* ChefDeliveryTests.swift */; };
		4CA509AE2AA2272100DAFA20 /* ChefDeliveryUITests.swift in Sources */ = {isa = PBXBuildFile; fileRef = 4CA509AD2AA2272100DAFA20 /* ChefDeliveryUITests.swift */; };
		4CA509B02AA2272100DAFA20 /* ChefDeliveryUITestsLaunchTests.swift in Sources */ = {isa = PBXBuildFile; fileRef = 4CA509AF2AA2272100DAFA20 /* ChefDeliveryUITestsLaunchTests.swift */; };
		4CA509BF2AA25EE100DAFA20 /* NavigationBar.swift in Sources */ = {isa = PBXBuildFile; fileRef = 4CA509BE2AA25EE100DAFA20 /* NavigationBar.swift */; };
/* End PBXBuildFile section */

/* Begin PBXContainerItemProxy section */
		4CA509A02AA2272100DAFA20 /* PBXContainerItemProxy */ = {
			isa = PBXContainerItemProxy;
			containerPortal = 4CA509872AA2271B00DAFA20 /* Project object */;
			proxyType = 1;
			remoteGlobalIDString = 4CA5098E2AA2271C00DAFA20;
			remoteInfo = ChefDelivery;
		};
		4CA509AA2AA2272100DAFA20 /* PBXContainerItemProxy */ = {
			isa = PBXContainerItemProxy;
			containerPortal = 4CA509872AA2271B00DAFA20 /* Project object */;
			proxyType = 1;
			remoteGlobalIDString = 4CA5098E2AA2271C00DAFA20;
			remoteInfo = ChefDelivery;
		};
/* End PBXContainerItemProxy section */

/* Begin PBXFileReference section */
		4CA5098F2AA2271C00DAFA20 /* ChefDelivery.app */ = {isa = PBXFileReference; explicitFileType = wrapper.application; includeInIndex = 0; path = ChefDelivery.app; sourceTree = BUILT_PRODUCTS_DIR; };
		4CA509922AA2271C00DAFA20 /* ChefDeliveryApp.swift */ = {isa = PBXFileReference; lastKnownFileType = sourcecode.swift; path = ChefDeliveryApp.swift; sourceTree = "<group>"; };
		4CA509942AA2271C00DAFA20 /* ContentView.swift */ = {isa = PBXFileReference; lastKnownFileType = sourcecode.swift; path = ContentView.swift; sourceTree = "<group>"; };
		4CA509962AA2272100DAFA20 /* Assets.xcassets */ = {isa = PBXFileReference; lastKnownFileType = folder.assetcatalog; path = Assets.xcassets; sourceTree = "<group>"; };
		4CA509992AA2272100DAFA20 /* Preview Assets.xcassets */ = {isa = PBXFileReference; lastKnownFileType = folder.assetcatalog; path = "Preview Assets.xcassets"; sourceTree = "<group>"; };
		4CA5099F2AA2272100DAFA20 /* ChefDeliveryTests.xctest */ = {isa = PBXFileReference; explicitFileType = wrapper.cfbundle; includeInIndex = 0; path = ChefDeliveryTests.xctest; sourceTree = BUILT_PRODUCTS_DIR; };
		4CA509A32AA2272100DAFA20 /* ChefDeliveryTests.swift */ = {isa = PBXFileReference; lastKnownFileType = sourcecode.swift; path = ChefDeliveryTests.swift; sourceTree = "<group>"; };
		4CA509A92AA2272100DAFA20 /* ChefDeliveryUITests.xctest */ = {isa = PBXFileReference; explicitFileType = wrapper.cfbundle; includeInIndex = 0; path = ChefDeliveryUITests.xctest; sourceTree = BUILT_PRODUCTS_DIR; };
		4CA509AD2AA2272100DAFA20 /* ChefDeliveryUITests.swift */ = {isa = PBXFileReference; lastKnownFileType = sourcecode.swift; path = ChefDeliveryUITests.swift; sourceTree = "<group>"; };
		4CA509AF2AA2272100DAFA20 /* ChefDeliveryUITestsLaunchTests.swift */ = {isa = PBXFileReference; lastKnownFileType = sourcecode.swift; path = ChefDeliveryUITestsLaunchTests.swift; sourceTree = "<group>"; };
		4CA509BE2AA25EE100DAFA20 /* NavigationBar.swift */ = {isa = PBXFileReference; lastKnownFileType = sourcecode.swift; path = NavigationBar.swift; sourceTree = "<group>"; };
/* End PBXFileReference section */

/* Begin PBXFrameworksBuildPhase section */
		4CA5098C2AA2271C00DAFA20 /* Frameworks */ = {
			isa = PBXFrameworksBuildPhase;
			buildActionMask = 2147483647;
			files = (
			);
			runOnlyForDeploymentPostprocessing = 0;
		};
		4CA5099C2AA2272100DAFA20 /* Frameworks */ = {
			isa = PBXFrameworksBuildPhase;
			buildActionMask = 2147483647;
			files = (
			);
			runOnlyForDeploymentPostprocessing = 0;
		};
		4CA509A62AA2272100DAFA20 /* Frameworks */ = {
			isa = PBXFrameworksBuildPhase;
			buildActionMask = 2147483647;
			files = (
			);
			runOnlyForDeploymentPostprocessing = 0;
		};
/* End PBXFrameworksBuildPhase section */

/* Begin PBXGroup section */
		4CA509862AA2271B00DAFA20 = {
			isa = PBXGroup;
			children = (
				4CA509912AA2271C00DAFA20 /* ChefDelivery */,
				4CA509A22AA2272100DAFA20 /* ChefDeliveryTests */,
				4CA509AC2AA2272100DAFA20 /* ChefDeliveryUITests */,
				4CA509902AA2271C00DAFA20 /* Products */,
			);
			sourceTree = "<group>";
		};
		4CA509902AA2271C00DAFA20 /* Products */ = {
			isa = PBXGroup;
			children = (
				4CA5098F2AA2271C00DAFA20 /* ChefDelivery.app */,
				4CA5099F2AA2272100DAFA20 /* ChefDeliveryTests.xctest */,
				4CA509A92AA2272100DAFA20 /* ChefDeliveryUITests.xctest */,
			);
			name = Products;
			sourceTree = "<group>";
		};
		4CA509912AA2271C00DAFA20 /* ChefDelivery */ = {
			isa = PBXGroup;
			children = (
				4CA509BD2AA25E4A00DAFA20 /* App */,
				4CA509962AA2272100DAFA20 /* Assets.xcassets */,
				4CA509982AA2272100DAFA20 /* Preview Content */,
				4CA509BC2AA25DFD00DAFA20 /* NavigationBar */,
			);
			path = ChefDelivery;
			sourceTree = "<group>";
		};
		4CA509982AA2272100DAFA20 /* Preview Content */ = {
			isa = PBXGroup;
			children = (
				4CA509992AA2272100DAFA20 /* Preview Assets.xcassets */,
			);
			path = "Preview Content";
			sourceTree = "<group>";
		};
		4CA509A22AA2272100DAFA20 /* ChefDeliveryTests */ = {
			isa = PBXGroup;
			children = (
				4CA509A32AA2272100DAFA20 /* ChefDeliveryTests.swift */,
			);
			path = ChefDeliveryTests;
			sourceTree = "<group>";
		};
		4CA509AC2AA2272100DAFA20 /* ChefDeliveryUITests */ = {
			isa = PBXGroup;
			children = (
				4CA509AD2AA2272100DAFA20 /* ChefDeliveryUITests.swift */,
				4CA509AF2AA2272100DAFA20 /* ChefDeliveryUITestsLaunchTests.swift */,
			);
			path = ChefDeliveryUITests;
			sourceTree = "<group>";
		};
		4CA509BC2AA25DFD00DAFA20 /* NavigationBar */ = {
			isa = PBXGroup;
			children = (
				4CA509BE2AA25EE100DAFA20 /* NavigationBar.swift */,
			);
			path = NavigationBar;
			sourceTree = "<group>";
		};
		4CA509BD2AA25E4A00DAFA20 /* App */ = {
			isa = PBXGroup;
			children = (
				4CA509922AA2271C00DAFA20 /* ChefDeliveryApp.swift */,
				4CA509942AA2271C00DAFA20 /* ContentView.swift */,
			);
			path = App;
			sourceTree = "<group>";
		};
/* End PBXGroup section */

/* Begin PBXNativeTarget section */
		4CA5098E2AA2271C00DAFA20 /* ChefDelivery */ = {
			isa = PBXNativeTarget;
			buildConfigurationList = 4CA509B32AA2272100DAFA20 /* Build configuration list for PBXNativeTarget "ChefDelivery" */;
			buildPhases = (
				4CA5098B2AA2271C00DAFA20 /* Sources */,
				4CA5098C2AA2271C00DAFA20 /* Frameworks */,
				4CA5098D2AA2271C00DAFA20 /* Resources */,
			);
			buildRules = (
			);
			dependencies = (
			);
			name = ChefDelivery;
			productName = ChefDelivery;
			productReference = 4CA5098F2AA2271C00DAFA20 /* ChefDelivery.app */;
			productType = "com.apple.product-type.application";
		};
		4CA5099E2AA2272100DAFA20 /* ChefDeliveryTests */ = {
			isa = PBXNativeTarget;
			buildConfigurationList = 4CA509B62AA2272100DAFA20 /* Build configuration list for PBXNativeTarget "ChefDeliveryTests" */;
			buildPhases = (
				4CA5099B2AA2272100DAFA20 /* Sources */,
				4CA5099C2AA2272100DAFA20 /* Frameworks */,
				4CA5099D2AA2272100DAFA20 /* Resources */,
			);
			buildRules = (
			);
			dependencies = (
				4CA509A12AA2272100DAFA20 /* PBXTargetDependency */,
			);
			name = ChefDeliveryTests;
			productName = ChefDeliveryTests;
			productReference = 4CA5099F2AA2272100DAFA20 /* ChefDeliveryTests.xctest */;
			productType = "com.apple.product-type.bundle.unit-test";
		};
		4CA509A82AA2272100DAFA20 /* ChefDeliveryUITests */ = {
			isa = PBXNativeTarget;
			buildConfigurationList = 4CA509B92AA2272100DAFA20 /* Build configuration list for PBXNativeTarget "ChefDeliveryUITests" */;
			buildPhases = (
				4CA509A52AA2272100DAFA20 /* Sources */,
				4CA509A62AA2272100DAFA20 /* Frameworks */,
				4CA509A72AA2272100DAFA20 /* Resources */,
			);
			buildRules = (
			);
			dependencies = (
				4CA509AB2AA2272100DAFA20 /* PBXTargetDependency */,
			);
			name = ChefDeliveryUITests;
			productName = ChefDeliveryUITests;
			productReference = 4CA509A92AA2272100DAFA20 /* ChefDeliveryUITests.xctest */;
			productType = "com.apple.product-type.bundle.ui-testing";
		};
/* End PBXNativeTarget section */

/* Begin PBXProject section */
		4CA509872AA2271B00DAFA20 /* Project object */ = {
			isa = PBXProject;
			attributes = {
				BuildIndependentTargetsInParallel = 1;
				LastSwiftUpdateCheck = 1420;
				LastUpgradeCheck = 1420;
				TargetAttributes = {
					4CA5098E2AA2271C00DAFA20 = {
						CreatedOnToolsVersion = 14.2;
					};
					4CA5099E2AA2272100DAFA20 = {
						CreatedOnToolsVersion = 14.2;
						TestTargetID = 4CA5098E2AA2271C00DAFA20;
					};
					4CA509A82AA2272100DAFA20 = {
						CreatedOnToolsVersion = 14.2;
						TestTargetID = 4CA5098E2AA2271C00DAFA20;
					};
				};
			};
			buildConfigurationList = 4CA5098A2AA2271B00DAFA20 /* Build configuration list for PBXProject "ChefDelivery" */;
			compatibilityVersion = "Xcode 14.0";
			developmentRegion = en;
			hasScannedForEncodings = 0;
			knownRegions = (
				en,
				Base,
			);
			mainGroup = 4CA509862AA2271B00DAFA20;
			productRefGroup = 4CA509902AA2271C00DAFA20 /* Products */;
			projectDirPath = "";
			projectRoot = "";
			targets = (
				4CA5098E2AA2271C00DAFA20 /* ChefDelivery */,
				4CA5099E2AA2272100DAFA20 /* ChefDeliveryTests */,
				4CA509A82AA2272100DAFA20 /* ChefDeliveryUITests */,
			);
		};
/* End PBXProject section */

/* Begin PBXResourcesBuildPhase section */
		4CA5098D2AA2271C00DAFA20 /* Resources */ = {
			isa = PBXResourcesBuildPhase;
			buildActionMask = 2147483647;
			files = (
				4CA5099A2AA2272100DAFA20 /* Preview Assets.xcassets in Resources */,
				4CA509972AA2272100DAFA20 /* Assets.xcassets in Resources */,
			);
			runOnlyForDeploymentPostprocessing = 0;
		};
		4CA5099D2AA2272100DAFA20 /* Resources */ = {
			isa = PBXResourcesBuildPhase;
			buildActionMask = 2147483647;
			files = (
			);
			runOnlyForDeploymentPostprocessing = 0;
		};
		4CA509A72AA2272100DAFA20 /* Resources */ = {
			isa = PBXResourcesBuildPhase;
			buildActionMask = 2147483647;
			files = (
			);
			runOnlyForDeploymentPostprocessing = 0;
		};
/* End PBXResourcesBuildPhase section */

/* Begin PBXSourcesBuildPhase section */
		4CA5098B2AA2271C00DAFA20 /* Sources */ = {
			isa = PBXSourcesBuildPhase;
			buildActionMask = 2147483647;
			files = (
				4CA509952AA2271C00DAFA20 /* ContentView.swift in Sources */,
				4CA509932AA2271C00DAFA20 /* ChefDeliveryApp.swift in Sources */,
				4CA509BF2AA25EE100DAFA20 /* NavigationBar.swift in Sources */,
			);
			runOnlyForDeploymentPostprocessing = 0;
		};
		4CA5099B2AA2272100DAFA20 /* Sources */ = {
			isa = PBXSourcesBuildPhase;
			buildActionMask = 2147483647;
			files = (
				4CA509A42AA2272100DAFA20 /* ChefDeliveryTests.swift in Sources */,
			);
			runOnlyForDeploymentPostprocessing = 0;
		};
		4CA509A52AA2272100DAFA20 /* Sources */ = {
			isa = PBXSourcesBuildPhase;
			buildActionMask = 2147483647;
			files = (
				4CA509B02AA2272100DAFA20 /* ChefDeliveryUITestsLaunchTests.swift in Sources */,
				4CA509AE2AA2272100DAFA20 /* ChefDeliveryUITests.swift in Sources */,
			);
			runOnlyForDeploymentPostprocessing = 0;
		};
/* End PBXSourcesBuildPhase section */

/* Begin PBXTargetDependency section */
		4CA509A12AA2272100DAFA20 /* PBXTargetDependency */ = {
			isa = PBXTargetDependency;
			target = 4CA5098E2AA2271C00DAFA20 /* ChefDelivery */;
			targetProxy = 4CA509A02AA2272100DAFA20 /* PBXContainerItemProxy */;
		};
		4CA509AB2AA2272100DAFA20 /* PBXTargetDependency */ = {
			isa = PBXTargetDependency;
			target = 4CA5098E2AA2271C00DAFA20 /* ChefDelivery */;
			targetProxy = 4CA509AA2AA2272100DAFA20 /* PBXContainerItemProxy */;
		};
/* End PBXTargetDependency section */

/* Begin XCBuildConfiguration section */
		4CA509B12AA2272100DAFA20 /* Debug */ = {
			isa = XCBuildConfiguration;
			buildSettings = {
				ALWAYS_SEARCH_USER_PATHS = NO;
				CLANG_ANALYZER_NONNULL = YES;
				CLANG_ANALYZER_NUMBER_OBJECT_CONVERSION = YES_AGGRESSIVE;
				CLANG_CXX_LANGUAGE_STANDARD = "gnu++20";
				CLANG_ENABLE_MODULES = YES;
				CLANG_ENABLE_OBJC_ARC = YES;
				CLANG_ENABLE_OBJC_WEAK = YES;
				CLANG_WARN_BLOCK_CAPTURE_AUTORELEASING = YES;
				CLANG_WARN_BOOL_CONVERSION = YES;
				CLANG_WARN_COMMA = YES;
				CLANG_WARN_CONSTANT_CONVERSION = YES;
				CLANG_WARN_DEPRECATED_OBJC_IMPLEMENTATIONS = YES;
				CLANG_WARN_DIRECT_OBJC_ISA_USAGE = YES_ERROR;
				CLANG_WARN_DOCUMENTATION_COMMENTS = YES;
				CLANG_WARN_EMPTY_BODY = YES;
				CLANG_WARN_ENUM_CONVERSION = YES;
				CLANG_WARN_INFINITE_RECURSION = YES;
				CLANG_WARN_INT_CONVERSION = YES;
				CLANG_WARN_NON_LITERAL_NULL_CONVERSION = YES;
				CLANG_WARN_OBJC_IMPLICIT_RETAIN_SELF = YES;
				CLANG_WARN_OBJC_LITERAL_CONVERSION = YES;
				CLANG_WARN_OBJC_ROOT_CLASS = YES_ERROR;
				CLANG_WARN_QUOTED_INCLUDE_IN_FRAMEWORK_HEADER = YES;
				CLANG_WARN_RANGE_LOOP_ANALYSIS = YES;
				CLANG_WARN_STRICT_PROTOTYPES = YES;
				CLANG_WARN_SUSPICIOUS_MOVE = YES;
				CLANG_WARN_UNGUARDED_AVAILABILITY = YES_AGGRESSIVE;
				CLANG_WARN_UNREACHABLE_CODE = YES;
				CLANG_WARN__DUPLICATE_METHOD_MATCH = YES;
				COPY_PHASE_STRIP = NO;
				DEBUG_INFORMATION_FORMAT = dwarf;
				ENABLE_STRICT_OBJC_MSGSEND = YES;
				ENABLE_TESTABILITY = YES;
				GCC_C_LANGUAGE_STANDARD = gnu11;
				GCC_DYNAMIC_NO_PIC = NO;
				GCC_NO_COMMON_BLOCKS = YES;
				GCC_OPTIMIZATION_LEVEL = 0;
				GCC_PREPROCESSOR_DEFINITIONS = (
					"DEBUG=1",
					"$(inherited)",
				);
				GCC_WARN_64_TO_32_BIT_CONVERSION = YES;
				GCC_WARN_ABOUT_RETURN_TYPE = YES_ERROR;
				GCC_WARN_UNDECLARED_SELECTOR = YES;
				GCC_WARN_UNINITIALIZED_AUTOS = YES_AGGRESSIVE;
				GCC_WARN_UNUSED_FUNCTION = YES;
				GCC_WARN_UNUSED_VARIABLE = YES;
				IPHONEOS_DEPLOYMENT_TARGET = 16.2;
				MTL_ENABLE_DEBUG_INFO = INCLUDE_SOURCE;
				MTL_FAST_MATH = YES;
				ONLY_ACTIVE_ARCH = YES;
				SDKROOT = iphoneos;
				SWIFT_ACTIVE_COMPILATION_CONDITIONS = DEBUG;
				SWIFT_OPTIMIZATION_LEVEL = "-Onone";
			};
			name = Debug;
		};
		4CA509B22AA2272100DAFA20 /* Release */ = {
			isa = XCBuildConfiguration;
			buildSettings = {
				ALWAYS_SEARCH_USER_PATHS = NO;
				CLANG_ANALYZER_NONNULL = YES;
				CLANG_ANALYZER_NUMBER_OBJECT_CONVERSION = YES_AGGRESSIVE;
				CLANG_CXX_LANGUAGE_STANDARD = "gnu++20";
				CLANG_ENABLE_MODULES = YES;
				CLANG_ENABLE_OBJC_ARC = YES;
				CLANG_ENABLE_OBJC_WEAK = YES;
				CLANG_WARN_BLOCK_CAPTURE_AUTORELEASING = YES;
				CLANG_WARN_BOOL_CONVERSION = YES;
				CLANG_WARN_COMMA = YES;
				CLANG_WARN_CONSTANT_CONVERSION = YES;
				CLANG_WARN_DEPRECATED_OBJC_IMPLEMENTATIONS = YES;
				CLANG_WARN_DIRECT_OBJC_ISA_USAGE = YES_ERROR;
				CLANG_WARN_DOCUMENTATION_COMMENTS = YES;
				CLANG_WARN_EMPTY_BODY = YES;
				CLANG_WARN_ENUM_CONVERSION = YES;
				CLANG_WARN_INFINITE_RECURSION = YES;
				CLANG_WARN_INT_CONVERSION = YES;
				CLANG_WARN_NON_LITERAL_NULL_CONVERSION = YES;
				CLANG_WARN_OBJC_IMPLICIT_RETAIN_SELF = YES;
				CLANG_WARN_OBJC_LITERAL_CONVERSION = YES;
				CLANG_WARN_OBJC_ROOT_CLASS = YES_ERROR;
				CLANG_WARN_QUOTED_INCLUDE_IN_FRAMEWORK_HEADER = YES;
				CLANG_WARN_RANGE_LOOP_ANALYSIS = YES;
				CLANG_WARN_STRICT_PROTOTYPES = YES;
				CLANG_WARN_SUSPICIOUS_MOVE = YES;
				CLANG_WARN_UNGUARDED_AVAILABILITY = YES_AGGRESSIVE;
				CLANG_WARN_UNREACHABLE_CODE = YES;
				CLANG_WARN__DUPLICATE_METHOD_MATCH = YES;
				COPY_PHASE_STRIP = NO;
				DEBUG_INFORMATION_FORMAT = "dwarf-with-dsym";
				ENABLE_NS_ASSERTIONS = NO;
				ENABLE_STRICT_OBJC_MSGSEND = YES;
				GCC_C_LANGUAGE_STANDARD = gnu11;
				GCC_NO_COMMON_BLOCKS = YES;
				GCC_WARN_64_TO_32_BIT_CONVERSION = YES;
				GCC_WARN_ABOUT_RETURN_TYPE = YES_ERROR;
				GCC_WARN_UNDECLARED_SELECTOR = YES;
				GCC_WARN_UNINITIALIZED_AUTOS = YES_AGGRESSIVE;
				GCC_WARN_UNUSED_FUNCTION = YES;
				GCC_WARN_UNUSED_VARIABLE = YES;
				IPHONEOS_DEPLOYMENT_TARGET = 16.2;
				MTL_ENABLE_DEBUG_INFO = NO;
				MTL_FAST_MATH = YES;
				SDKROOT = iphoneos;
				SWIFT_COMPILATION_MODE = wholemodule;
				SWIFT_OPTIMIZATION_LEVEL = "-O";
				VALIDATE_PRODUCT = YES;
			};
			name = Release;
		};
		4CA509B42AA2272100DAFA20 /* Debug */ = {
			isa = XCBuildConfiguration;
			buildSettings = {
				ASSETCATALOG_COMPILER_APPICON_NAME = AppIcon;
				ASSETCATALOG_COMPILER_GLOBAL_ACCENT_COLOR_NAME = AccentColor;
				CODE_SIGN_STYLE = Automatic;
				CURRENT_PROJECT_VERSION = 1;
				DEVELOPMENT_ASSET_PATHS = "\"ChefDelivery/Preview Content\"";
				ENABLE_PREVIEWS = YES;
				GENERATE_INFOPLIST_FILE = YES;
				INFOPLIST_KEY_UIApplicationSceneManifest_Generation = YES;
				INFOPLIST_KEY_UIApplicationSupportsIndirectInputEvents = YES;
				INFOPLIST_KEY_UILaunchScreen_Generation = YES;
				INFOPLIST_KEY_UISupportedInterfaceOrientations_iPad = "UIInterfaceOrientationPortrait UIInterfaceOrientationPortraitUpsideDown UIInterfaceOrientationLandscapeLeft UIInterfaceOrientationLandscapeRight";
				INFOPLIST_KEY_UISupportedInterfaceOrientations_iPhone = "UIInterfaceOrientationPortrait UIInterfaceOrientationLandscapeLeft UIInterfaceOrientationLandscapeRight";
				LD_RUNPATH_SEARCH_PATHS = (
					"$(inherited)",
					"@executable_path/Frameworks",
				);
				MARKETING_VERSION = 1.0;
				PRODUCT_BUNDLE_IDENTIFIER = br.com.project.ChefDelivery;
				PRODUCT_NAME = "$(TARGET_NAME)";
				SWIFT_EMIT_LOC_STRINGS = YES;
				SWIFT_VERSION = 5.0;
				TARGETED_DEVICE_FAMILY = "1,2";
			};
			name = Debug;
		};
		4CA509B52AA2272100DAFA20 /* Release */ = {
			isa = XCBuildConfiguration;
			buildSettings = {
				ASSETCATALOG_COMPILER_APPICON_NAME = AppIcon;
				ASSETCATALOG_COMPILER_GLOBAL_ACCENT_COLOR_NAME = AccentColor;
				CODE_SIGN_STYLE = Automatic;
				CURRENT_PROJECT_VERSION = 1;
				DEVELOPMENT_ASSET_PATHS = "\"ChefDelivery/Preview Content\"";
				ENABLE_PREVIEWS = YES;
				GENERATE_INFOPLIST_FILE = YES;
				INFOPLIST_KEY_UIApplicationSceneManifest_Generation = YES;
				INFOPLIST_KEY_UIApplicationSupportsIndirectInputEvents = YES;
				INFOPLIST_KEY_UILaunchScreen_Generation = YES;
				INFOPLIST_KEY_UISupportedInterfaceOrientations_iPad = "UIInterfaceOrientationPortrait UIInterfaceOrientationPortraitUpsideDown UIInterfaceOrientationLandscapeLeft UIInterfaceOrientationLandscapeRight";
				INFOPLIST_KEY_UISupportedInterfaceOrientations_iPhone = "UIInterfaceOrientationPortrait UIInterfaceOrientationLandscapeLeft UIInterfaceOrientationLandscapeRight";
				LD_RUNPATH_SEARCH_PATHS = (
					"$(inherited)",
					"@executable_path/Frameworks",
				);
				MARKETING_VERSION = 1.0;
				PRODUCT_BUNDLE_IDENTIFIER = br.com.project.ChefDelivery;
				PRODUCT_NAME = "$(TARGET_NAME)";
				SWIFT_EMIT_LOC_STRINGS = YES;
				SWIFT_VERSION = 5.0;
				TARGETED_DEVICE_FAMILY = "1,2";
			};
			name = Release;
		};
		4CA509B72AA2272100DAFA20 /* Debug */ = {
			isa = XCBuildConfiguration;
			buildSettings = {
				ALWAYS_EMBED_SWIFT_STANDARD_LIBRARIES = YES;
				BUNDLE_LOADER = "$(TEST_HOST)";
				CODE_SIGN_STYLE = Automatic;
				CURRENT_PROJECT_VERSION = 1;
				GENERATE_INFOPLIST_FILE = YES;
				IPHONEOS_DEPLOYMENT_TARGET = 16.2;
				MARKETING_VERSION = 1.0;
				PRODUCT_BUNDLE_IDENTIFIER = br.com.project.ChefDeliveryTests;
				PRODUCT_NAME = "$(TARGET_NAME)";
				SWIFT_EMIT_LOC_STRINGS = NO;
				SWIFT_VERSION = 5.0;
				TARGETED_DEVICE_FAMILY = "1,2";
				TEST_HOST = "$(BUILT_PRODUCTS_DIR)/ChefDelivery.app/$(BUNDLE_EXECUTABLE_FOLDER_PATH)/ChefDelivery";
			};
			name = Debug;
		};
		4CA509B82AA2272100DAFA20 /* Release */ = {
			isa = XCBuildConfiguration;
			buildSettings = {
				ALWAYS_EMBED_SWIFT_STANDARD_LIBRARIES = YES;
				BUNDLE_LOADER = "$(TEST_HOST)";
				CODE_SIGN_STYLE = Automatic;
				CURRENT_PROJECT_VERSION = 1;
				GENERATE_INFOPLIST_FILE = YES;
				IPHONEOS_DEPLOYMENT_TARGET = 16.2;
				MARKETING_VERSION = 1.0;
				PRODUCT_BUNDLE_IDENTIFIER = br.com.project.ChefDeliveryTests;
				PRODUCT_NAME = "$(TARGET_NAME)";
				SWIFT_EMIT_LOC_STRINGS = NO;
				SWIFT_VERSION = 5.0;
				TARGETED_DEVICE_FAMILY = "1,2";
				TEST_HOST = "$(BUILT_PRODUCTS_DIR)/ChefDelivery.app/$(BUNDLE_EXECUTABLE_FOLDER_PATH)/ChefDelivery";
			};
			name = Release;
		};
		4CA509BA2AA2272100DAFA20 /* Debug */ = {
			isa = XCBuildConfiguration;
			buildSettings = {
				ALWAYS_EMBED_SWIFT_STANDARD_LIBRARIES = YES;
				CODE_SIGN_STYLE = Automatic;
				CURRENT_PROJECT_VERSION = 1;
				GENERATE_INFOPLIST_FILE = YES;
				MARKETING_VERSION = 1.0;
				PRODUCT_BUNDLE_IDENTIFIER = br.com.project.ChefDeliveryUITests;
				PRODUCT_NAME = "$(TARGET_NAME)";
				SWIFT_EMIT_LOC_STRINGS = NO;
				SWIFT_VERSION = 5.0;
				TARGETED_DEVICE_FAMILY = "1,2";
				TEST_TARGET_NAME = ChefDelivery;
			};
			name = Debug;
		};
		4CA509BB2AA2272100DAFA20 /* Release */ = {
			isa = XCBuildConfiguration;
			buildSettings = {
				ALWAYS_EMBED_SWIFT_STANDARD_LIBRARIES = YES;
				CODE_SIGN_STYLE = Automatic;
				CURRENT_PROJECT_VERSION = 1;
				GENERATE_INFOPLIST_FILE = YES;
				MARKETING_VERSION = 1.0;
				PRODUCT_BUNDLE_IDENTIFIER = br.com.project.ChefDeliveryUITests;
				PRODUCT_NAME = "$(TARGET_NAME)";
				SWIFT_EMIT_LOC_STRINGS = NO;
				SWIFT_VERSION = 5.0;
				TARGETED_DEVICE_FAMILY = "1,2";
				TEST_TARGET_NAME = ChefDelivery;
			};
			name = Release;
		};
/* End XCBuildConfiguration section */

/* Begin XCConfigurationList section */
		4CA5098A2AA2271B00DAFA20 /* Build configuration list for PBXProject "ChefDelivery" */ = {
			isa = XCConfigurationList;
			buildConfigurations = (
				4CA509B12AA2272100DAFA20 /* Debug */,
				4CA509B22AA2272100DAFA20 /* Release */,
			);
			defaultConfigurationIsVisible = 0;
			defaultConfigurationName = Release;
		};
		4CA509B32AA2272100DAFA20 /* Build configuration list for PBXNativeTarget "ChefDelivery" */ = {
			isa = XCConfigurationList;
			buildConfigurations = (
				4CA509B42AA2272100DAFA20 /* Debug */,
				4CA509B52AA2272100DAFA20 /* Release */,
			);
			defaultConfigurationIsVisible = 0;
			defaultConfigurationName = Release;
		};
		4CA509B62AA2272100DAFA20 /* Build configuration list for PBXNativeTarget "ChefDeliveryTests" */ = {
			isa = XCConfigurationList;
			buildConfigurations = (
				4CA509B72AA2272100DAFA20 /* Debug */,
				4CA509B82AA2272100DAFA20 /* Release */,
			);
			defaultConfigurationIsVisible = 0;
			defaultConfigurationName = Release;
		};
		4CA509B92AA2272100DAFA20 /* Build configuration list for PBXNativeTarget "ChefDeliveryUITests" */ = {
			isa = XCConfigurationList;
			buildConfigurations = (
				4CA509BA2AA2272100DAFA20 /* Debug */,
				4CA509BB2AA2272100DAFA20 /* Release */,
			);
			defaultConfigurationIsVisible = 0;
			defaultConfigurationName = Release;
		};
/* End XCConfigurationList section */
	};
	rootObject = 4CA509872AA2271B00DAFA20 /* Project object */;
}
